<?xml version="1.0" encoding="utf-8"?>
<Project ToolsVersion="4.0" xmlns="http://schemas.microsoft.com/developer/msbuild/2003">
  <ItemGroup>
    <Filter Include="Source Files">
      <UniqueIdentifier>{4FC737F1-C7A5-4376-A066-2A32D752A2FF}</UniqueIdentifier>
      <Extensions>cpp;c;cc;cxx;def;odl;idl;hpj;bat;asm;asmx</Extensions>
    </Filter>
    <Filter Include="Resource Files">
      <UniqueIdentifier>{67DA6AB6-F800-4c08-8B7A-83BB121AAD01}</UniqueIdentifier>
      <Extensions>rc;ico;cur;bmp;dlg;rc2;rct;bin;rgs;gif;jpg;jpeg;jpe;resx;tiff;tif;png;wav</Extensions>
    </Filter>
    <Filter Include="Header Files">
      <UniqueIdentifier>{af348755-d666-4fd8-be53-806f9adcd5dd}</UniqueIdentifier>
    </Filter>
  </ItemGroup>
  <ItemGroup>
    <ClInclude Include="catalogapp.h">
      <Filter>Header Files</Filter>
    </ClInclude>
    <ClInclude Include="wxgis\framework\config.h">
      <Filter>Header Files</Filter>
    </ClInclude>
    <ClInclude Include="wxgis\framework\framework.h">
      <Filter>Header Files</Filter>
    </ClInclude>
    <ClInclude Include="accelerator.h">
      <Filter>Header Files</Filter>
    </ClInclude>
    <ClInclude Include="animation.h">
      <Filter>Header Files</Filter>
    </ClInclude>
    <ClInclude Include="application.h">
      <Filter>Header Files</Filter>
    </ClInclude>
    <ClInclude Include="catalog.h">
      <Filter>Header Files</Filter>
    </ClInclude>
    <ClInclude Include="catalogframe.h">
      <Filter>Header Files</Filter>
    </ClInclude>
    <ClInclude Include="catalogui.h">
      <Filter>Header Files</Filter>
    </ClInclude>
    <ClInclude Include="commandbar.h">
      <Filter>Header Files</Filter>
    </ClInclude>
    <ClInclude Include="datasource.h">
      <Filter>Header Files</Filter>
    </ClInclude>
    <ClInclude Include="gxapplication.h">
      <Filter>Header Files</Filter>
    </ClInclude>
    <ClInclude Include="gxtabview.h">
      <Filter>Header Files</Filter>
    </ClInclude>
    <ClInclude Include="gxtreeview.h">
      <Filter>Header Files</Filter>
    </ClInclude>
    <ClInclude Include="gxview.h">
      <Filter>Header Files</Filter>
    </ClInclude>
    <ClInclude Include="menubar.h">
      <Filter>Header Files</Filter>
    </ClInclude>
    <ClInclude Include="statusbar.h">
      <Filter>Header Files</Filter>
    </ClInclude>
    <ClInclude Include="customizedlg.h">
      <Filter>Header Files</Filter>
    </ClInclude>
    <ClInclude Include="gxcatalog.h">
      <Filter>Header Files</Filter>
    </ClInclude>
    <ClInclude Include="gxdiscconnection.h">
      <Filter>Header Files</Filter>
    </ClInclude>
    <ClInclude Include="gxfolder.h">
      <Filter>Header Files</Filter>
    </ClInclude>
    <ClInclude Include="gxselection.h">
      <Filter>Header Files</Filter>
    </ClInclude>
    <ClInclude Include="toolbarmenu.h">
      <Filter>Header Files</Filter>
    </ClInclude>
    <ClInclude Include="viewsfactory.h">
      <Filter>Header Files</Filter>
    </ClInclude>
    <ClInclude Include="addcommanddlg.h">
      <Filter>Header Files</Filter>
    </ClInclude>
    <ClInclude Include="createdbdlg.h">
      <Filter>Header Files</Filter>
    </ClInclude>
    <ClInclude Include="keycodedlg.h">
      <Filter>Header Files</Filter>
    </ClInclude>
    <ClInclude Include="gxshapefactory.h">
      <Filter>Header Files</Filter>
    </ClInclude>
    <ClInclude Include="gxdataset.h" />
  </ItemGroup>
  <ItemGroup>
    <ClCompile Include="catalogapp.cpp">
      <Filter>Source Files</Filter>
    </ClCompile>
    <ClCompile Include="wxgis\framework\config.cpp">
      <Filter>Source Files</Filter>
    </ClCompile>
    <ClCompile Include="catalogframe.cpp">
      <Filter>Source Files</Filter>
    </ClCompile>
    <ClCompile Include="gxapplication.cpp">
      <Filter>Source Files</Filter>
    </ClCompile>
    <ClCompile Include="gxcatalog.cpp">
      <Filter>Source Files</Filter>
    </ClCompile>
    <ClCompile Include="gxtreeview.cpp">
      <Filter>Source Files</Filter>
    </ClCompile>
    <ClCompile Include="application.cpp">
      <Filter>Source Files</Filter>
    </ClCompile>
    <ClCompile Include="commandbar.cpp">
      <Filter>Source Files</Filter>
    </ClCompile>
    <ClCompile Include="gxcontentview.cpp">
      <Filter>Source Files</Filter>
    </ClCompile>
    <ClCompile Include="statusbar.cpp">
      <Filter>Source Files</Filter>
    </ClCompile>
    <ClCompile Include="gxtabview.cpp">
      <Filter>Source Files</Filter>
    </ClCompile>
    <ClCompile Include="gxview.cpp">
      <Filter>Source Files</Filter>
    </ClCompile>
    <ClCompile Include="accelerator.cpp">
      <Filter>Source Files</Filter>
    </ClCompile>
    <ClCompile Include="menubar.cpp">
      <Filter>Source Files</Filter>
    </ClCompile>
    <ClCompile Include="toolbarmenu.cpp">
      <Filter>Source Files</Filter>
    </ClCompile>
    <ClCompile Include="customizedlg.cpp">
      <Filter>Source Files</Filter>
    </ClCompile>
    <ClCompile Include="gxdisconnection.cpp">
      <Filter>Source Files</Filter>
    </ClCompile>
    <ClCompile Include="animation.cpp">
      <Filter>Source Files</Filter>
    </ClCompile>
    <ClCompile Include="gxselection.cpp">
      <Filter>Source Files</Filter>
    </ClCompile>
    <ClCompile Include="gxfolder.cpp">
      <Filter>Source Files</Filter>
    </ClCompile>
    <ClCompile Include="addcommanddlg.cpp">
      <Filter>Source Files</Filter>
    </ClCompile>
    <ClCompile Include="createcbdlg.cpp">
      <Filter>Source Files</Filter>
    </ClCompile>
    <ClCompile Include="keycodedlg.cpp">
      <Filter>Source Files</Filter>
    </ClCompile>
    <ClCompile Include="gxshapefactory.cpp">
      <Filter>Source Files</Filter>
    </ClCompile>
  </ItemGroup>
</Project>